
Microsoft Visual Studio Solution File, Format Version 12.00
# Visual Studio Version 17
VisualStudioVersion = 17.5.2.0
MinimumVisualStudioVersion = 10.0.40219.1
Project("{FAE04EC0-301F-11D3-BF4B-00C04F79EFBC}") = "UnleashedRecompUpdater", "UnleashedRecompUpdater.csproj", "{66689E57-068E-50BB-5B51-D7E9293CE1B9}"
EndProject
Global
	GlobalSection(SolutionConfigurationPlatforms) = preSolution
		Debug|Any CPU = Debug|Any CPU
		Release|Any CPU = Release|Any CPU
	EndGlobalSection
	GlobalSection(ProjectConfigurationPlatforms) = postSolution
		{66689E57-068E-50BB-5B51-D7E9293CE1B9}.Debug|Any CPU.ActiveCfg = Debug|Any CPU
		{66689E57-068E-50BB-5B51-D7E9293CE1B9}.Debug|Any CPU.Build.0 = Debug|Any CPU
		{66689E57-068E-50BB-5B51-D7E9293CE1B9}.Release|Any CPU.ActiveCfg = Release|Any CPU
		{66689E57-068E-50BB-5B51-D7E9293CE1B9}.Release|Any CPU.Build.0 = Release|Any CPU
	EndGlobalSection
	GlobalSection(SolutionProperties) = preSolution
		HideSolutionNode = FALSE
	EndGlobalSection
	GlobalSection(ExtensibilityGlobals) = postSolution
		SolutionGuid = {25C32F3C-E017-4A53-9FE8-2C185215E5E4}
	EndGlobalSection
EndGlobal
